
Microsoft Visual Studio Solution File, Format Version 12.00
# Visual Studio 14
VisualStudioVersion = 14.0.25420.1
MinimumVisualStudioVersion = 10.0.40219.1
Project("{FAE04EC0-301F-11D3-BF4B-00C04F79EFBC}") = "TypesAndVariables", "TypesAndVariables\TypesAndVariables.csproj", "{C5F20D6A-C891-4059-8297-CE4C4BE3764D}"
EndProject
Project("{FAE04EC0-301F-11D3-BF4B-00C04F79EFBC}") = "Conditionals", "Conditionals\Conditionals.csproj", "{8ECE88B7-DE6A-4F1C-8C8D-54EBC36400DB}"
EndProject
Project("{FAE04EC0-301F-11D3-BF4B-00C04F79EFBC}") = "Methods", "Methods\Methods.csproj", "{1F8873F5-7550-4D2A-9BFE-7C43B5B5A64D}"
EndProject
Project("{FAE04EC0-301F-11D3-BF4B-00C04F79EFBC}") = "Arrays", "Arrays\Arrays.csproj", "{1E28B421-4F97-4CA1-B45E-EA30172746DA}"
EndProject
Project("{FAE04EC0-301F-11D3-BF4B-00C04F79EFBC}") = "Loops", "Loops\Loops.csproj", "{97E56291-77F7-4FE3-9E07-59F2AB58EA83}"
EndProject
Project("{FAE04EC0-301F-11D3-BF4B-00C04F79EFBC}") = "Strings", "Strings\Strings.csproj", "{869499FA-A2F9-4684-8A3A-0B347452C049}"
EndProject
Project("{FAE04EC0-301F-11D3-BF4B-00C04F79EFBC}") = "Classes", "Classes\Classes.csproj", "{0C5FE085-3E7E-4C32-BDC8-A4C617379D0C}"
EndProject
Project("{FAE04EC0-301F-11D3-BF4B-00C04F79EFBC}") = "RecapDemo1", "RecapDemo1\RecapDemo1.csproj", "{6430B3CF-56E4-422D-BD73-35C3DCF26DB2}"
EndProject
Project("{FAE04EC0-301F-11D3-BF4B-00C04F79EFBC}") = "Interfaces", "Interfaces\Interfaces.csproj", "{06BA8A84-9E13-4CC4-ADAD-E7A7DB87A02C}"
EndProject
Project("{FAE04EC0-301F-11D3-BF4B-00C04F79EFBC}") = "InterfacesDemo", "InterfacesDemo\InterfacesDemo.csproj", "{06D660C2-D027-497E-9BB3-D12833634D1E}"
EndProject
Project("{FAE04EC0-301F-11D3-BF4B-00C04F79EFBC}") = "Inheritance", "Inheritance\Inheritance.csproj", "{55F070FD-7DBD-443A-9263-825B2FA96BBB}"
EndProject
Global
	GlobalSection(SolutionConfigurationPlatforms) = preSolution
		Debug|Any CPU = Debug|Any CPU
		Release|Any CPU = Release|Any CPU
	EndGlobalSection
	GlobalSection(ProjectConfigurationPlatforms) = postSolution
		{C5F20D6A-C891-4059-8297-CE4C4BE3764D}.Debug|Any CPU.ActiveCfg = Debug|Any CPU
		{C5F20D6A-C891-4059-8297-CE4C4BE3764D}.Debug|Any CPU.Build.0 = Debug|Any CPU
		{C5F20D6A-C891-4059-8297-CE4C4BE3764D}.Release|Any CPU.ActiveCfg = Release|Any CPU
		{C5F20D6A-C891-4059-8297-CE4C4BE3764D}.Release|Any CPU.Build.0 = Release|Any CPU
		{8ECE88B7-DE6A-4F1C-8C8D-54EBC36400DB}.Debug|Any CPU.ActiveCfg = Debug|Any CPU
		{8ECE88B7-DE6A-4F1C-8C8D-54EBC36400DB}.Debug|Any CPU.Build.0 = Debug|Any CPU
		{8ECE88B7-DE6A-4F1C-8C8D-54EBC36400DB}.Release|Any CPU.ActiveCfg = Release|Any CPU
		{8ECE88B7-DE6A-4F1C-8C8D-54EBC36400DB}.Release|Any CPU.Build.0 = Release|Any CPU
		{1F8873F5-7550-4D2A-9BFE-7C43B5B5A64D}.Debug|Any CPU.ActiveCfg = Debug|Any CPU
		{1F8873F5-7550-4D2A-9BFE-7C43B5B5A64D}.Debug|Any CPU.Build.0 = Debug|Any CPU
		{1F8873F5-7550-4D2A-9BFE-7C43B5B5A64D}.Release|Any CPU.ActiveCfg = Release|Any CPU
		{1F8873F5-7550-4D2A-9BFE-7C43B5B5A64D}.Release|Any CPU.Build.0 = Release|Any CPU
		{1E28B421-4F97-4CA1-B45E-EA30172746DA}.Debug|Any CPU.ActiveCfg = Debug|Any CPU
		{1E28B421-4F97-4CA1-B45E-EA30172746DA}.Debug|Any CPU.Build.0 = Debug|Any CPU
		{1E28B421-4F97-4CA1-B45E-EA30172746DA}.Release|Any CPU.ActiveCfg = Release|Any CPU
		{1E28B421-4F97-4CA1-B45E-EA30172746DA}.Release|Any CPU.Build.0 = Release|Any CPU
		{97E56291-77F7-4FE3-9E07-59F2AB58EA83}.Debug|Any CPU.ActiveCfg = Debug|Any CPU
		{97E56291-77F7-4FE3-9E07-59F2AB58EA83}.Debug|Any CPU.Build.0 = Debug|Any CPU
		{97E56291-77F7-4FE3-9E07-59F2AB58EA83}.Release|Any CPU.ActiveCfg = Release|Any CPU
		{97E56291-77F7-4FE3-9E07-59F2AB58EA83}.Release|Any CPU.Build.0 = Release|Any CPU
		{869499FA-A2F9-4684-8A3A-0B347452C049}.Debug|Any CPU.ActiveCfg = Debug|Any CPU
		{869499FA-A2F9-4684-8A3A-0B347452C049}.Debug|Any CPU.Build.0 = Debug|Any CPU
		{869499FA-A2F9-4684-8A3A-0B347452C049}.Release|Any CPU.ActiveCfg = Release|Any CPU
		{869499FA-A2F9-4684-8A3A-0B347452C049}.Release|Any CPU.Build.0 = Release|Any CPU
		{0C5FE085-3E7E-4C32-BDC8-A4C617379D0C}.Debug|Any CPU.ActiveCfg = Debug|Any CPU
		{0C5FE085-3E7E-4C32-BDC8-A4C617379D0C}.Debug|Any CPU.Build.0 = Debug|Any CPU
		{0C5FE085-3E7E-4C32-BDC8-A4C617379D0C}.Release|Any CPU.ActiveCfg = Release|Any CPU
		{0C5FE085-3E7E-4C32-BDC8-A4C617379D0C}.Release|Any CPU.Build.0 = Release|Any CPU
		{6430B3CF-56E4-422D-BD73-35C3DCF26DB2}.Debug|Any CPU.ActiveCfg = Debug|Any CPU
		{6430B3CF-56E4-422D-BD73-35C3DCF26DB2}.Debug|Any CPU.Build.0 = Debug|Any CPU
		{6430B3CF-56E4-422D-BD73-35C3DCF26DB2}.Release|Any CPU.ActiveCfg = Release|Any CPU
		{6430B3CF-56E4-422D-BD73-35C3DCF26DB2}.Release|Any CPU.Build.0 = Release|Any CPU
		{06BA8A84-9E13-4CC4-ADAD-E7A7DB87A02C}.Debug|Any CPU.ActiveCfg = Debug|Any CPU
		{06BA8A84-9E13-4CC4-ADAD-E7A7DB87A02C}.Debug|Any CPU.Build.0 = Debug|Any CPU
		{06BA8A84-9E13-4CC4-ADAD-E7A7DB87A02C}.Release|Any CPU.ActiveCfg = Release|Any CPU
		{06BA8A84-9E13-4CC4-ADAD-E7A7DB87A02C}.Release|Any CPU.Build.0 = Release|Any CPU
		{06D660C2-D027-497E-9BB3-D12833634D1E}.Debug|Any CPU.ActiveCfg = Debug|Any CPU
		{06D660C2-D027-497E-9BB3-D12833634D1E}.Debug|Any CPU.Build.0 = Debug|Any CPU
		{06D660C2-D027-497E-9BB3-D12833634D1E}.Release|Any CPU.ActiveCfg = Release|Any CPU
		{06D660C2-D027-497E-9BB3-D12833634D1E}.Release|Any CPU.Build.0 = Release|Any CPU
		{55F070FD-7DBD-443A-9263-825B2FA96BBB}.Debug|Any CPU.ActiveCfg = Debug|Any CPU
		{55F070FD-7DBD-443A-9263-825B2FA96BBB}.Debug|Any CPU.Build.0 = Debug|Any CPU
		{55F070FD-7DBD-443A-9263-825B2FA96BBB}.Release|Any CPU.ActiveCfg = Release|Any CPU
		{55F070FD-7DBD-443A-9263-825B2FA96BBB}.Release|Any CPU.Build.0 = Release|Any CPU
	EndGlobalSection
	GlobalSection(SolutionProperties) = preSolution
		HideSolutionNode = FALSE
	EndGlobalSection
EndGlobal
